
Microsoft Visual Studio Solution File, Format Version 12.00
# Visual Studio Version 16
VisualStudioVersion = 16.0.32106.194
MinimumVisualStudioVersion = 10.0.40219.1
Project("{FAE04EC0-301F-11D3-BF4B-00C04F79EFBC}") = "ReqApp", "ReqApp.csproj", "{3E80AB2E-561A-4D86-B3D9-F600B040E724}"
EndProject
Global
	GlobalSection(SolutionConfigurationPlatforms) = preSolution
		Debug|Any CPU = Debug|Any CPU
		Release|Any CPU = Release|Any CPU
	EndGlobalSection
	GlobalSection(ProjectConfigurationPlatforms) = postSolution
		{3E80AB2E-561A-4D86-B3D9-F600B040E724}.Debug|Any CPU.ActiveCfg = Debug|Any CPU
		{3E80AB2E-561A-4D86-B3D9-F600B040E724}.Debug|Any CPU.Build.0 = Debug|Any CPU
		{3E80AB2E-561A-4D86-B3D9-F600B040E724}.Release|Any CPU.ActiveCfg = Release|Any CPU
		{3E80AB2E-561A-4D86-B3D9-F600B040E724}.Release|Any CPU.Build.0 = Release|Any CPU
	EndGlobalSection
	GlobalSection(SolutionProperties) = preSolution
		HideSolutionNode = FALSE
	EndGlobalSection
	GlobalSection(ExtensibilityGlobals) = postSolution
		SolutionGuid = {A4ABB7E6-0543-44A5-A996-671FF8D85830}
	EndGlobalSection
EndGlobal
